
Microsoft Visual Studio Solution File, Format Version 12.00
# Visual Studio Version 17
VisualStudioVersion = 17.0.31919.166
MinimumVisualStudioVersion = 10.0.40219.1
Project("{F2A71F9B-5D33-465A-A702-920D77279786}") = "Architecture", "Architecture\Architecture.fsproj", "{CC310DD6-0DDD-4749-885F-0D485A15AED5}"
EndProject
Project("{F2A71F9B-5D33-465A-A702-920D77279786}") = "Architecture.Test", "Architecture.Test\Architecture.Test.fsproj", "{7AB3F917-4622-4561-998A-6BD9E1620AE0}"
EndProject
Project("{F2A71F9B-5D33-465A-A702-920D77279786}") = "Prelude", "Prelude\Prelude.fsproj", "{DA0BB991-B1CB-4B01-98D9-032F9C74F425}"
EndProject
Global
	GlobalSection(SolutionConfigurationPlatforms) = preSolution
		Debug|Any CPU = Debug|Any CPU
		Release|Any CPU = Release|Any CPU
	EndGlobalSection
	GlobalSection(ProjectConfigurationPlatforms) = postSolution
		{CC310DD6-0DDD-4749-885F-0D485A15AED5}.Debug|Any CPU.ActiveCfg = Debug|Any CPU
		{CC310DD6-0DDD-4749-885F-0D485A15AED5}.Debug|Any CPU.Build.0 = Debug|Any CPU
		{CC310DD6-0DDD-4749-885F-0D485A15AED5}.Release|Any CPU.ActiveCfg = Release|Any CPU
		{CC310DD6-0DDD-4749-885F-0D485A15AED5}.Release|Any CPU.Build.0 = Release|Any CPU
		{7AB3F917-4622-4561-998A-6BD9E1620AE0}.Debug|Any CPU.ActiveCfg = Debug|Any CPU
		{7AB3F917-4622-4561-998A-6BD9E1620AE0}.Debug|Any CPU.Build.0 = Debug|Any CPU
		{7AB3F917-4622-4561-998A-6BD9E1620AE0}.Release|Any CPU.ActiveCfg = Release|Any CPU
		{7AB3F917-4622-4561-998A-6BD9E1620AE0}.Release|Any CPU.Build.0 = Release|Any CPU
		{DA0BB991-B1CB-4B01-98D9-032F9C74F425}.Debug|Any CPU.ActiveCfg = Debug|Any CPU
		{DA0BB991-B1CB-4B01-98D9-032F9C74F425}.Debug|Any CPU.Build.0 = Debug|Any CPU
		{DA0BB991-B1CB-4B01-98D9-032F9C74F425}.Release|Any CPU.ActiveCfg = Release|Any CPU
		{DA0BB991-B1CB-4B01-98D9-032F9C74F425}.Release|Any CPU.Build.0 = Release|Any CPU
	EndGlobalSection
	GlobalSection(SolutionProperties) = preSolution
		HideSolutionNode = FALSE
	EndGlobalSection
	GlobalSection(ExtensibilityGlobals) = postSolution
		SolutionGuid = {57D055BD-5C63-4880-AC02-9CE2CF57DA3C}
	EndGlobalSection
EndGlobal
